
Microsoft Visual Studio Solution File, Format Version 12.00
# Visual Studio Version 16
VisualStudioVersion = 25.0.1700.0
MinimumVisualStudioVersion = 10.0.40219.1
Project("{FAE04EC0-301F-11D3-BF4B-00C04F79EFBC}") = "Submarine", "Submarine\Submarine.csproj", "{A62A2C0A-FB29-4B92-B9C1-5216B8957105}"
EndProject
Project("{FAE04EC0-301F-11D3-BF4B-00C04F79EFBC}") = "1_Sonar", "1_Sonar1\1_Sonar.csproj", "{08AAD59B-2CE2-4678-A39B-7C2882DF06FD}"
EndProject
Project("{FAE04EC0-301F-11D3-BF4B-00C04F79EFBC}") = "1_Dive", "Dive\1_Dive.csproj", "{39061063-32A8-433C-AA7D-7761CC0E5360}"
EndProject
Project("{FAE04EC0-301F-11D3-BF4B-00C04F79EFBC}") = "SubmarineGeneralTest", "SubmarineGeneralTest\SubmarineGeneralTest.csproj", "{95A310A4-92F3-4539-8139-81F19EB88C06}"
EndProject
Project("{FAE04EC0-301F-11D3-BF4B-00C04F79EFBC}") = "SubmarineTerminal", "SubmarineTerminal\SubmarineTerminal.csproj", "{81304D2F-AD4D-4DB1-8650-67915D5BAE54}"
EndProject
Global
	GlobalSection(SolutionConfigurationPlatforms) = preSolution
		Debug|Any CPU = Debug|Any CPU
		Release|Any CPU = Release|Any CPU
	EndGlobalSection
	GlobalSection(ProjectConfigurationPlatforms) = postSolution
		{A62A2C0A-FB29-4B92-B9C1-5216B8957105}.Debug|Any CPU.ActiveCfg = Debug|Any CPU
		{A62A2C0A-FB29-4B92-B9C1-5216B8957105}.Debug|Any CPU.Build.0 = Debug|Any CPU
		{A62A2C0A-FB29-4B92-B9C1-5216B8957105}.Release|Any CPU.ActiveCfg = Release|Any CPU
		{A62A2C0A-FB29-4B92-B9C1-5216B8957105}.Release|Any CPU.Build.0 = Release|Any CPU
		{08AAD59B-2CE2-4678-A39B-7C2882DF06FD}.Debug|Any CPU.ActiveCfg = Debug|Any CPU
		{08AAD59B-2CE2-4678-A39B-7C2882DF06FD}.Debug|Any CPU.Build.0 = Debug|Any CPU
		{08AAD59B-2CE2-4678-A39B-7C2882DF06FD}.Release|Any CPU.ActiveCfg = Release|Any CPU
		{08AAD59B-2CE2-4678-A39B-7C2882DF06FD}.Release|Any CPU.Build.0 = Release|Any CPU
		{39061063-32A8-433C-AA7D-7761CC0E5360}.Debug|Any CPU.ActiveCfg = Debug|Any CPU
		{39061063-32A8-433C-AA7D-7761CC0E5360}.Debug|Any CPU.Build.0 = Debug|Any CPU
		{39061063-32A8-433C-AA7D-7761CC0E5360}.Release|Any CPU.ActiveCfg = Release|Any CPU
		{39061063-32A8-433C-AA7D-7761CC0E5360}.Release|Any CPU.Build.0 = Release|Any CPU
		{95A310A4-92F3-4539-8139-81F19EB88C06}.Debug|Any CPU.ActiveCfg = Debug|Any CPU
		{95A310A4-92F3-4539-8139-81F19EB88C06}.Debug|Any CPU.Build.0 = Debug|Any CPU
		{95A310A4-92F3-4539-8139-81F19EB88C06}.Release|Any CPU.ActiveCfg = Release|Any CPU
		{95A310A4-92F3-4539-8139-81F19EB88C06}.Release|Any CPU.Build.0 = Release|Any CPU
		{81304D2F-AD4D-4DB1-8650-67915D5BAE54}.Debug|Any CPU.ActiveCfg = Debug|Any CPU
		{81304D2F-AD4D-4DB1-8650-67915D5BAE54}.Debug|Any CPU.Build.0 = Debug|Any CPU
		{81304D2F-AD4D-4DB1-8650-67915D5BAE54}.Release|Any CPU.ActiveCfg = Release|Any CPU
		{81304D2F-AD4D-4DB1-8650-67915D5BAE54}.Release|Any CPU.Build.0 = Release|Any CPU
	EndGlobalSection
	GlobalSection(SolutionProperties) = preSolution
		HideSolutionNode = FALSE
	EndGlobalSection
	GlobalSection(ExtensibilityGlobals) = postSolution
		SolutionGuid = {C78EA509-28F7-44E6-9E3E-372C0812CC3C}
	EndGlobalSection
EndGlobal
