
Microsoft Visual Studio Solution File, Format Version 12.00
# Visual Studio Version 16
VisualStudioVersion = 25.0.1700.0
MinimumVisualStudioVersion = 10.0.40219.1
Project("{FAE04EC0-301F-11D3-BF4B-00C04F79EFBC}") = "Sonar", "(1) Sonar\Sonar.csproj", "{3A178950-3540-48A9-AC78-18E0C97BD607}"
EndProject
Project("{FAE04EC0-301F-11D3-BF4B-00C04F79EFBC}") = "Dive", "(2) Dive\Dive.csproj", "{CD5A234E-3AC7-4053-858D-179461E1CF3C}"
EndProject
Global
	GlobalSection(SolutionConfigurationPlatforms) = preSolution
		Debug|Any CPU = Debug|Any CPU
		Release|Any CPU = Release|Any CPU
	EndGlobalSection
	GlobalSection(ProjectConfigurationPlatforms) = postSolution
		{3A178950-3540-48A9-AC78-18E0C97BD607}.Debug|Any CPU.ActiveCfg = Debug|Any CPU
		{3A178950-3540-48A9-AC78-18E0C97BD607}.Debug|Any CPU.Build.0 = Debug|Any CPU
		{3A178950-3540-48A9-AC78-18E0C97BD607}.Release|Any CPU.ActiveCfg = Release|Any CPU
		{3A178950-3540-48A9-AC78-18E0C97BD607}.Release|Any CPU.Build.0 = Release|Any CPU
		{CD5A234E-3AC7-4053-858D-179461E1CF3C}.Debug|Any CPU.ActiveCfg = Debug|Any CPU
		{CD5A234E-3AC7-4053-858D-179461E1CF3C}.Debug|Any CPU.Build.0 = Debug|Any CPU
		{CD5A234E-3AC7-4053-858D-179461E1CF3C}.Release|Any CPU.ActiveCfg = Release|Any CPU
		{CD5A234E-3AC7-4053-858D-179461E1CF3C}.Release|Any CPU.Build.0 = Release|Any CPU
	EndGlobalSection
	GlobalSection(SolutionProperties) = preSolution
		HideSolutionNode = FALSE
	EndGlobalSection
	GlobalSection(ExtensibilityGlobals) = postSolution
		SolutionGuid = {C78EA509-28F7-44E6-9E3E-372C0812CC3C}
	EndGlobalSection
EndGlobal
